// !$*UTF8*$!
{
	archiveVersion = 1;
	classes = {
	};
	objectVersion = 50;
	objects = {

/* Begin PBXBuildFile section */
		DA8CDE1020EB9421007ADA27 /* AppDelegate.m in Sources */ = {isa = PBXBuildFile; fileRef = DA8CDE0F20EB9421007ADA27 /* AppDelegate.m */; };
		DA8CDE1320EB9421007ADA27 /* ViewController.m in Sources */ = {isa = PBXBuildFile; fileRef = DA8CDE1220EB9421007ADA27 /* ViewController.m */; };
		DA8CDE1620EB9421007ADA27 /* Main.storyboard in Resources */ = {isa = PBXBuildFile; fileRef = DA8CDE1420EB9421007ADA27 /* Main.storyboard */; };
		DA8CDE1820EB9424007ADA27 /* Assets.xcassets in Resources */ = {isa = PBXBuildFile; fileRef = DA8CDE1720EB9424007ADA27 /* Assets.xcassets */; };
		DA8CDE1B20EB9424007ADA27 /* LaunchScreen.storyboard in Resources */ = {isa = PBXBuildFile; fileRef = DA8CDE1920EB9424007ADA27 /* LaunchScreen.storyboard */; };
		DA8CDE1E20EB9424007ADA27 /* main.m in Sources */ = {isa = PBXBuildFile; fileRef = DA8CDE1D20EB9424007ADA27 /* main.m */; };
/* End PBXBuildFile section */

/* Begin PBXFileReference section */
		DA8CDE0B20EB9421007ADA27 /* scrollViewColors.app */ = {isa = PBXFileReference; explicitFileType = wrapper.application; includeInIndex = 0; path = scrollViewColors.app; sourceTree = BUILT_PRODUCTS_DIR; };
		DA8CDE0E20EB9421007ADA27 /* AppDelegate.h */ = {isa = PBXFileReference; lastKnownFileType = sourcecode.c.h; path = AppDelegate.h; sourceTree = "<group>"; };
		DA8CDE0F20EB9421007ADA27 /* AppDelegate.m */ = {isa = PBXFileReference; lastKnownFileType = sourcecode.c.objc; path = AppDelegate.m; sourceTree = "<group>"; };
		DA8CDE1120EB9421007ADA27 /* ViewController.h */ = {isa = PBXFileReference; lastKnownFileType = sourcecode.c.h; path = ViewController.h; sourceTree = "<group>"; };
		DA8CDE1220EB9421007ADA27 /* ViewController.m */ = {isa = PBXFileReference; lastKnownFileType = sourcecode.c.objc; path = ViewController.m; sourceTree = "<group>"; };
		DA8CDE1520EB9421007ADA27 /* Base */ = {isa = PBXFileReference; lastKnownFileType = file.storyboard; name = Base; path = Base.lproj/Main.storyboard; sourceTree = "<group>"; };
		DA8CDE1720EB9424007ADA27 /* Assets.xcassets */ = {isa = PBXFileReference; lastKnownFileType = folder.assetcatalog; path = Assets.xcassets; sourceTree = "<group>"; };
		DA8CDE1A20EB9424007ADA27 /* Base */ = {isa = PBXFileReference; lastKnownFileType = file.storyboard; name = Base; path = Base.lproj/LaunchScreen.storyboard; sourceTree = "<group>"; };
		DA8CDE1C20EB9424007ADA27 /* Info.plist */ = {isa = PBXFileReference; lastKnownFileType = text.plist.xml; path = Info.plist; sourceTree = "<group>"; };
		DA8CDE1D20EB9424007ADA27 /* main.m */ = {isa = PBXFileReference; lastKnownFileType = sourcecode.c.objc; path = main.m; sourceTree = "<group>"; };
/* End PBXFileReference section */

/* Begin PBXFrameworksBuildPhase section */
		DA8CDE0820EB9421007ADA27 /* Frameworks */ = {
			isa = PBXFrameworksBuildPhase;
			buildActionMask = 2147483647;
			files = (
			);
			runOnlyForDeploymentPostprocessing = 0;
		};
/* End PBXFrameworksBuildPhase section */

/* Begin PBXGroup section */
		DA8CDE0220EB9421007ADA27 = {
			isa = PBXGroup;
			children = (
				DA8CDE0D20EB9421007ADA27 /* scrollViewColors */,
				DA8CDE0C20EB9421007ADA27 /* Products */,
			);
			sourceTree = "<group>";
		};
		DA8CDE0C20EB9421007ADA27 /* Products */ = {
			isa = PBXGroup;
			children = (
				DA8CDE0B20EB9421007ADA27 /* scrollViewColors.app */,
			);
			name = Products;
			sourceTree = "<group>";
		};
		DA8CDE0D20EB9421007ADA27 /* scrollViewColors */ = {
			isa = PBXGroup;
			children = (
				DA8CDE0E20EB9421007ADA27 /* AppDelegate.h */,
				DA8CDE0F20EB9421007ADA27 /* AppDelegate.m */,
				DA8CDE1120EB9421007ADA27 /* ViewController.h */,
				DA8CDE1220EB9421007ADA27 /* ViewController.m */,
				DA8CDE1420EB9421007ADA27 /* Main.storyboard */,
				DA8CDE1720EB9424007ADA27 /* Assets.xcassets */,
				DA8CDE1920EB9424007ADA27 /* LaunchScreen.storyboard */,
				DA8CDE1C20EB9424007ADA27 /* Info.plist */,
				DA8CDE1D20EB9424007ADA27 /* main.m */,
			);
			path = scrollViewColors;
			sourceTree = "<group>";
		};
/* End PBXGroup section */

/* Begin PBXNativeTarget section */
		DA8CDE0A20EB9421007ADA27 /* scrollViewColors */ = {
			isa = PBXNativeTarget;
			buildConfigurationList = DA8CDE2120EB9424007ADA27 /* Build configuration list for PBXNativeTarget "scrollViewColors" */;
			buildPhases = (
				DA8CDE0720EB9421007ADA27 /* Sources */,
				DA8CDE0820EB9421007ADA27 /* Frameworks */,
				DA8CDE0920EB9421007ADA27 /* Resources */,
			);
			buildRules = (
			);
			dependencies = (
			);
			name = scrollViewColors;
			productName = scrollViewColors;
			productReference = DA8CDE0B20EB9421007ADA27 /* scrollViewColors.app */;
			productType = "com.apple.product-type.application";
		};
/* End PBXNativeTarget section */

/* Begin PBXProject section */
		DA8CDE0320EB9421007ADA27 /* Project object */ = {
			isa = PBXProject;
			attributes = {
				LastUpgradeCheck = 0940;
				ORGANIZATIONNAME = Paul;
				TargetAttributes = {
					DA8CDE0A20EB9421007ADA27 = {
						CreatedOnToolsVersion = 9.4.1;
					};
				};
			};
			buildConfigurationList = DA8CDE0620EB9421007ADA27 /* Build configuration list for PBXProject "scrollViewColors" */;
			compatibilityVersion = "Xcode 9.3";
			developmentRegion = en;
			hasScannedForEncodings = 0;
			knownRegions = (
				en,
				Base,
			);
			mainGroup = DA8CDE0220EB9421007ADA27;
			productRefGroup = DA8CDE0C20EB9421007ADA27 /* Products */;
			projectDirPath = "";
			projectRoot = "";
			targets = (
				DA8CDE0A20EB9421007ADA27 /* scrollViewColors */,
			);
		};
/* End PBXProject section */

/* Begin PBXResourcesBuildPhase section */
		DA8CDE0920EB9421007ADA27 /* Resources */ = {
			isa = PBXResourcesBuildPhase;
			buildActionMask = 2147483647;
			files = (
				DA8CDE1B20EB9424007ADA27 /* LaunchScreen.storyboard in Resources */,
				DA8CDE1820EB9424007ADA27 /* Assets.xcassets in Resources */,
				DA8CDE1620EB9421007ADA27 /* Main.storyboard in Resources */,
			);
			runOnlyForDeploymentPostprocessing = 0;
		};
/* End PBXResourcesBuildPhase section */

/* Begin PBXSourcesBuildPhase section */
		DA8CDE0720EB9421007ADA27 /* Sources */ = {
			isa = PBXSourcesBuildPhase;
			buildActionMask = 2147483647;
			files = (
				DA8CDE1320EB9421007ADA27 /* ViewController.m in Sources */,
				DA8CDE1E20EB9424007ADA27 /* main.m in Sources */,
				DA8CDE1020EB9421007ADA27 /* AppDelegate.m in Sources */,
			);
			runOnlyForDeploymentPostprocessing = 0;
		};
/* End PBXSourcesBuildPhase section */

/* Begin PBXVariantGroup section */
		DA8CDE1420EB9421007ADA27 /* Main.storyboard */ = {
			isa = PBXVariantGroup;
			children = (
				DA8CDE1520EB9421007ADA27 /* Base */,
			);
			name = Main.storyboard;
			sourceTree = "<group>";
		};
		DA8CDE1920EB9424007ADA27 /* LaunchScreen.storyboard */ = {
			isa = PBXVariantGroup;
			children = (
				DA8CDE1A20EB9424007ADA27 /* Base */,
			);
			name = LaunchScreen.storyboard;
			sourceTree = "<group>";
		};
/* End PBXVariantGroup section */

/* Begin XCBuildConfiguration section */
		DA8CDE1F20EB9424007ADA27 /* Debug */ = {
			isa = XCBuildConfiguration;
			buildSettings = {
				ALWAYS_SEARCH_USER_PATHS = NO;
				CLANG_ANALYZER_NONNULL = YES;
				CLANG_ANALYZER_NUMBER_OBJECT_CONVERSION = YES_AGGRESSIVE;
				CLANG_CXX_LANGUAGE_STANDARD = "gnu++14";
				CLANG_CXX_LIBRARY = "libc++";
				CLANG_ENABLE_MODULES = YES;
				CLANG_ENABLE_OBJC_ARC = YES;
				CLANG_ENABLE_OBJC_WEAK = YES;
				CLANG_WARN_BLOCK_CAPTURE_AUTORELEASING = YES;
				CLANG_WARN_BOOL_CONVERSION = YES;
				CLANG_WARN_COMMA = YES;
				CLANG_WARN_CONSTANT_CONVERSION = YES;
				CLANG_WARN_DEPRECATED_OBJC_IMPLEMENTATIONS = YES;
				CLANG_WARN_DIRECT_OBJC_ISA_USAGE = YES_ERROR;
				CLANG_WARN_DOCUMENTATION_COMMENTS = YES;
				CLANG_WARN_EMPTY_BODY = YES;
				CLANG_WARN_ENUM_CONVERSION = YES;
				CLANG_WARN_INFINITE_RECURSION = YES;
				CLANG_WARN_INT_CONVERSION = YES;
				CLANG_WARN_NON_LITERAL_NULL_CONVERSION = YES;
				CLANG_WARN_OBJC_IMPLICIT_RETAIN_SELF = YES;
				CLANG_WARN_OBJC_LITERAL_CONVERSION = YES;
				CLANG_WARN_OBJC_ROOT_CLASS = YES_ERROR;
				CLANG_WARN_RANGE_LOOP_ANALYSIS = YES;
				CLANG_WARN_STRICT_PROTOTYPES = YES;
				CLANG_WARN_SUSPICIOUS_MOVE = YES;
				CLANG_WARN_UNGUARDED_AVAILABILITY = YES_AGGRESSIVE;
				CLANG_WARN_UNREACHABLE_CODE = YES;
				CLANG_WARN__DUPLICATE_METHOD_MATCH = YES;
				CODE_SIGN_IDENTITY = "iPhone Developer";
				COPY_PHASE_STRIP = NO;
				DEBUG_INFORMATION_FORMAT = dwarf;
				ENABLE_STRICT_OBJC_MSGSEND = YES;
				ENABLE_TESTABILITY = YES;
				GCC_C_LANGUAGE_STANDARD = gnu11;
				GCC_DYNAMIC_NO_PIC = NO;
				GCC_NO_COMMON_BLOCKS = YES;
				GCC_OPTIMIZATION_LEVEL = 0;
				GCC_PREPROCESSOR_DEFINITIONS = (
					"DEBUG=1",
					"$(inherited)",
				);
				GCC_WARN_64_TO_32_BIT_CONVERSION = YES;
				GCC_WARN_ABOUT_RETURN_TYPE = YES_ERROR;
				GCC_WARN_UNDECLARED_SELECTOR = YES;
				GCC_WARN_UNINITIALIZED_AUTOS = YES_AGGRESSIVE;
				GCC_WARN_UNUSED_FUNCTION = YES;
				GCC_WARN_UNUSED_VARIABLE = YES;
				IPHONEOS_DEPLOYMENT_TARGET = 11.4;
				MTL_ENABLE_DEBUG_INFO = YES;
				ONLY_ACTIVE_ARCH = YES;
				SDKROOT = iphoneos;
			};
			name = Debug;
		};
		DA8CDE2020EB9424007ADA27 /* Release */ = {
			isa = XCBuildConfiguration;
			buildSettings = {
				ALWAYS_SEARCH_USER_PATHS = NO;
				CLANG_ANALYZER_NONNULL = YES;
				CLANG_ANALYZER_NUMBER_OBJECT_CONVERSION = YES_AGGRESSIVE;
				CLANG_CXX_LANGUAGE_STANDARD = "gnu++14";
				CLANG_CXX_LIBRARY = "libc++";
				CLANG_ENABLE_MODULES = YES;
				CLANG_ENABLE_OBJC_ARC = YES;
				CLANG_ENABLE_OBJC_WEAK = YES;
				CLANG_WARN_BLOCK_CAPTURE_AUTORELEASING = YES;
				CLANG_WARN_BOOL_CONVERSION = YES;
				CLANG_WARN_COMMA = YES;
				CLANG_WARN_CONSTANT_CONVERSION = YES;
				CLANG_WARN_DEPRECATED_OBJC_IMPLEMENTATIONS = YES;
				CLANG_WARN_DIRECT_OBJC_ISA_USAGE = YES_ERROR;
				CLANG_WARN_DOCUMENTATION_COMMENTS = YES;
				CLANG_WARN_EMPTY_BODY = YES;
				CLANG_WARN_ENUM_CONVERSION = YES;
				CLANG_WARN_INFINITE_RECURSION = YES;
				CLANG_WARN_INT_CONVERSION = YES;
				CLANG_WARN_NON_LITERAL_NULL_CONVERSION = YES;
				CLANG_WARN_OBJC_IMPLICIT_RETAIN_SELF = YES;
				CLANG_WARN_OBJC_LITERAL_CONVERSION = YES;
				CLANG_WARN_OBJC_ROOT_CLASS = YES_ERROR;
				CLANG_WARN_RANGE_LOOP_ANALYSIS = YES;
				CLANG_WARN_STRICT_PROTOTYPES = YES;
				CLANG_WARN_SUSPICIOUS_MOVE = YES;
				CLANG_WARN_UNGUARDED_AVAILABILITY = YES_AGGRESSIVE;
				CLANG_WARN_UNREACHABLE_CODE = YES;
				CLANG_WARN__DUPLICATE_METHOD_MATCH = YES;
				CODE_SIGN_IDENTITY = "iPhone Developer";
				COPY_PHASE_STRIP = NO;
				DEBUG_INFORMATION_FORMAT = "dwarf-with-dsym";
				ENABLE_NS_ASSERTIONS = NO;
				ENABLE_STRICT_OBJC_MSGSEND = YES;
				GCC_C_LANGUAGE_STANDARD = gnu11;
				GCC_NO_COMMON_BLOCKS = YES;
				GCC_WARN_64_TO_32_BIT_CONVERSION = YES;
				GCC_WARN_ABOUT_RETURN_TYPE = YES_ERROR;
				GCC_WARN_UNDECLARED_SELECTOR = YES;
				GCC_WARN_UNINITIALIZED_AUTOS = YES_AGGRESSIVE;
				GCC_WARN_UNUSED_FUNCTION = YES;
				GCC_WARN_UNUSED_VARIABLE = YES;
				IPHONEOS_DEPLOYMENT_TARGET = 11.4;
				MTL_ENABLE_DEBUG_INFO = NO;
				SDKROOT = iphoneos;
				VALIDATE_PRODUCT = YES;
			};
			name = Release;
		};
		DA8CDE2220EB9424007ADA27 /* Debug */ = {
			isa = XCBuildConfiguration;
			buildSettings = {
				ASSETCATALOG_COMPILER_APPICON_NAME = AppIcon;
				CODE_SIGN_STYLE = Automatic;
				DEVELOPMENT_TEAM = RF896M5NY7;
				INFOPLIST_FILE = scrollViewColors/Info.plist;
				LD_RUNPATH_SEARCH_PATHS = (
					"$(inherited)",
					"@executable_path/Frameworks",
				);
				PRODUCT_BUNDLE_IDENTIFIER = Koka.scrollViewColors;
				PRODUCT_NAME = "$(TARGET_NAME)";
				TARGETED_DEVICE_FAMILY = "1,2";
			};
			name = Debug;
		};
		DA8CDE2320EB9424007ADA27 /* Release */ = {
			isa = XCBuildConfiguration;
			buildSettings = {
				ASSETCATALOG_COMPILER_APPICON_NAME = AppIcon;
				CODE_SIGN_STYLE = Automatic;
				DEVELOPMENT_TEAM = RF896M5NY7;
				INFOPLIST_FILE = scrollViewColors/Info.plist;
				LD_RUNPATH_SEARCH_PATHS = (
					"$(inherited)",
					"@executable_path/Frameworks",
				);
				PRODUCT_BUNDLE_IDENTIFIER = Koka.scrollViewColors;
				PRODUCT_NAME = "$(TARGET_NAME)";
				TARGETED_DEVICE_FAMILY = "1,2";
			};
			name = Release;
		};
/* End XCBuildConfiguration section */

/* Begin XCConfigurationList section */
		DA8CDE0620EB9421007ADA27 /* Build configuration list for PBXProject "scrollViewColors" */ = {
			isa = XCConfigurationList;
			buildConfigurations = (
				DA8CDE1F20EB9424007ADA27 /* Debug */,
				DA8CDE2020EB9424007ADA27 /* Release */,
			);
			defaultConfigurationIsVisible = 0;
			defaultConfigurationName = Release;
		};
		DA8CDE2120EB9424007ADA27 /* Build configuration list for PBXNativeTarget "scrollViewColors" */ = {
			isa = XCConfigurationList;
			buildConfigurations = (
				DA8CDE2220EB9424007ADA27 /* Debug */,
				DA8CDE2320EB9424007ADA27 /* Release */,
			);
			defaultConfigurationIsVisible = 0;
			defaultConfigurationName = Release;
		};
/* End XCConfigurationList section */
	};
	rootObject = DA8CDE0320EB9421007ADA27 /* Project object */;
}
